{
  "repo": "https://github.com/jbylund/sylvan_librarian",
  "commit": "66a09c309c2804149490bf03ac4b1d2c04b87584",
  "vendored_at": "2026-08-28",
  "vendor_path": "vendor/sylvan_librarian",
  "notes": "Pinned upstream snapshot. All files under vendor/ derive from this commit; local patches on top are tracked by git history in this repo. Update with scripts/sync-upstream.sh, which three-way-merges upstream changes into the vendored tree and reports files whose TypeScript/Rust ports (see PORTS map in the script) must be re-reviewed. The R2 store snapshot is version-coupled to this commit: the builder and the wasm engine must always come from the same vendored tree."
}
